
Microsoft Visual Studio Solution File, Format Version 12.00
# Visual Studio Version 17
VisualStudioVersion = 17.1.32328.378
MinimumVisualStudioVersion = 10.0.40219.1
Project("{9A19103F-16F7-4668-BE54-9A1E7A4F7556}") = "Tedd.WriteableBitmap", "Tedd.WriteableBitmap\Tedd.WriteableBitmap.csproj", "{0742DDFC-F409-40C3-99B4-EECC5390D68D}"
EndProject
Project("{9A19103F-16F7-4668-BE54-9A1E7A4F7556}") = "Tedd.WriteableBitmapGuiTestCore", "Tedd.WriteableBitmap.GuiTestCore\Tedd.WriteableBitmapGuiTestCore.csproj", "{AF70E9AC-BFC9-4E05-88FB-4E076FB37B8D}"
EndProject
Project("{FAE04EC0-301F-11D3-BF4B-00C04F79EFBC}") = "Tedd.WriteableBitmapGuiTest", "Tedd.WriteableBitmapGuiTest\Tedd.WriteableBitmapGuiTest.csproj", "{3534B02E-FAF5-400B-AC16-D0B38AA80237}"
EndProject
Project("{2150E333-8FDC-42A3-9474-1A3956D46DE8}") = "Tests", "Tests", "{0AB3BF05-4346-4AA6-1389-037BE0695223}"
EndProject
Project("{FAE04EC0-301F-11D3-BF4B-00C04F79EFBC}") = "Tedd.WriteableBitmap.Maui.Tests", "..\tests\Tedd.WriteableBitmap.Maui.Tests\Tedd.WriteableBitmap.Maui.Tests.csproj", "{24FE7FBB-6F8E-4753-8A43-1C7358176A06}"
EndProject
Project("{FAE04EC0-301F-11D3-BF4B-00C04F79EFBC}") = "Tedd.WriteableBitmap.Maui", "Tedd.WriteableBitmap.Maui\Tedd.WriteableBitmap.Maui.csproj", "{A50F66E8-72B0-44D8-BB47-FBC60C8091FF}"
EndProject
Project("{FAE04EC0-301F-11D3-BF4B-00C04F79EFBC}") = "Tedd.WriteableBitmap.Wpf.Tests", "..\tests\Tedd.WriteableBitmap.Wpf.Tests\Tedd.WriteableBitmap.Wpf.Tests.csproj", "{6D6A0CD5-35A7-4371-9BAE-58F7A4ACF9C6}"
EndProject
Project("{2150E333-8FDC-42A3-9474-1A3956D46DE8}") = "Benchmarks", "Benchmarks", "{66320409-64EC-F7C5-3DEF-65E7510DAAD1}"
EndProject
Project("{FAE04EC0-301F-11D3-BF4B-00C04F79EFBC}") = "Tedd.WriteableBitmap.Benchmarks", "..\benchmarks\Tedd.WriteableBitmap.Benchmarks.csproj", "{5D2BFE72-B2A3-4361-9E23-3C623772912E}"
EndProject
Project("{FAE04EC0-301F-11D3-BF4B-00C04F79EFBC}") = "V00", "..\benchmarks\archives\V00\V00.csproj", "{C3B803AF-E7A5-4119-92E4-9587BEDAB596}"
EndProject
Project("{FAE04EC0-301F-11D3-BF4B-00C04F79EFBC}") = "V01", "..\benchmarks\archives\V01\V01.csproj", "{70885721-4707-4224-A0CC-269838A9A031}"
EndProject
Project("{FAE04EC0-301F-11D3-BF4B-00C04F79EFBC}") = "V02", "..\benchmarks\archives\V02\V02.csproj", "{9458CC4B-CC64-4D64-9D7D-9F0BFB072560}"
EndProject
Project("{FAE04EC0-301F-11D3-BF4B-00C04F79EFBC}") = "V03", "..\benchmarks\archives\V03\V03.csproj", "{CAAA9819-9917-4FAF-95E6-448E50DF6BF0}"
EndProject
Project("{FAE04EC0-301F-11D3-BF4B-00C04F79EFBC}") = "V04", "..\benchmarks\archives\V04\V04.csproj", "{3D481727-5C83-4290-AE0C-0BD2D8A98402}"
EndProject
Project("{FAE04EC0-301F-11D3-BF4B-00C04F79EFBC}") = "V07", "..\benchmarks\archives\V07\V07.csproj", "{8EC9FC2A-2A62-4EE7-92F2-278230FD7A0F}"
EndProject
Project("{FAE04EC0-301F-11D3-BF4B-00C04F79EFBC}") = "V08", "..\benchmarks\archives\V08\V08.csproj", "{EE1E5458-724C-4190-AC7E-16F5F43170BA}"
EndProject
Global
	GlobalSection(SolutionConfigurationPlatforms) = preSolution
		Debug|Any CPU = Debug|Any CPU
		Debug|x64 = Debug|x64
		Debug|x86 = Debug|x86
		Release|Any CPU = Release|Any CPU
		Release|x64 = Release|x64
		Release|x86 = Release|x86
	EndGlobalSection
	GlobalSection(ProjectConfigurationPlatforms) = postSolution
		{0742DDFC-F409-40C3-99B4-EECC5390D68D}.Debug|Any CPU.ActiveCfg = Debug|Any CPU
		{0742DDFC-F409-40C3-99B4-EECC5390D68D}.Debug|Any CPU.Build.0 = Debug|Any CPU
		{0742DDFC-F409-40C3-99B4-EECC5390D68D}.Debug|x64.ActiveCfg = Debug|Any CPU
		{0742DDFC-F409-40C3-99B4-EECC5390D68D}.Debug|x64.Build.0 = Debug|Any CPU
		{0742DDFC-F409-40C3-99B4-EECC5390D68D}.Debug|x86.ActiveCfg = Debug|Any CPU
		{0742DDFC-F409-40C3-99B4-EECC5390D68D}.Debug|x86.Build.0 = Debug|Any CPU
		{0742DDFC-F409-40C3-99B4-EECC5390D68D}.Release|Any CPU.ActiveCfg = Release|Any CPU
		{0742DDFC-F409-40C3-99B4-EECC5390D68D}.Release|Any CPU.Build.0 = Release|Any CPU
		{0742DDFC-F409-40C3-99B4-EECC5390D68D}.Release|x64.ActiveCfg = Release|Any CPU
		{0742DDFC-F409-40C3-99B4-EECC5390D68D}.Release|x64.Build.0 = Release|Any CPU
		{0742DDFC-F409-40C3-99B4-EECC5390D68D}.Release|x86.ActiveCfg = Release|Any CPU
		{0742DDFC-F409-40C3-99B4-EECC5390D68D}.Release|x86.Build.0 = Release|Any CPU
		{AF70E9AC-BFC9-4E05-88FB-4E076FB37B8D}.Debug|Any CPU.ActiveCfg = Debug|Any CPU
		{AF70E9AC-BFC9-4E05-88FB-4E076FB37B8D}.Debug|Any CPU.Build.0 = Debug|Any CPU
		{AF70E9AC-BFC9-4E05-88FB-4E076FB37B8D}.Debug|x64.ActiveCfg = Debug|Any CPU
		{AF70E9AC-BFC9-4E05-88FB-4E076FB37B8D}.Debug|x64.Build.0 = Debug|Any CPU
		{AF70E9AC-BFC9-4E05-88FB-4E076FB37B8D}.Debug|x86.ActiveCfg = Debug|Any CPU
		{AF70E9AC-BFC9-4E05-88FB-4E076FB37B8D}.Debug|x86.Build.0 = Debug|Any CPU
		{AF70E9AC-BFC9-4E05-88FB-4E076FB37B8D}.Release|Any CPU.ActiveCfg = Release|Any CPU
		{AF70E9AC-BFC9-4E05-88FB-4E076FB37B8D}.Release|Any CPU.Build.0 = Release|Any CPU
		{AF70E9AC-BFC9-4E05-88FB-4E076FB37B8D}.Release|x64.ActiveCfg = Release|Any CPU
		{AF70E9AC-BFC9-4E05-88FB-4E076FB37B8D}.Release|x64.Build.0 = Release|Any CPU
		{AF70E9AC-BFC9-4E05-88FB-4E076FB37B8D}.Release|x86.ActiveCfg = Release|Any CPU
		{AF70E9AC-BFC9-4E05-88FB-4E076FB37B8D}.Release|x86.Build.0 = Release|Any CPU
		{3534B02E-FAF5-400B-AC16-D0B38AA80237}.Debug|Any CPU.ActiveCfg = Debug|Any CPU
		{3534B02E-FAF5-400B-AC16-D0B38AA80237}.Debug|Any CPU.Build.0 = Debug|Any CPU
		{3534B02E-FAF5-400B-AC16-D0B38AA80237}.Debug|x64.ActiveCfg = Debug|Any CPU
		{3534B02E-FAF5-400B-AC16-D0B38AA80237}.Debug|x64.Build.0 = Debug|Any CPU
		{3534B02E-FAF5-400B-AC16-D0B38AA80237}.Debug|x86.ActiveCfg = Debug|Any CPU
		{3534B02E-FAF5-400B-AC16-D0B38AA80237}.Debug|x86.Build.0 = Debug|Any CPU
		{3534B02E-FAF5-400B-AC16-D0B38AA80237}.Release|Any CPU.ActiveCfg = Release|Any CPU
		{3534B02E-FAF5-400B-AC16-D0B38AA80237}.Release|Any CPU.Build.0 = Release|Any CPU
		{3534B02E-FAF5-400B-AC16-D0B38AA80237}.Release|x64.ActiveCfg = Release|Any CPU
		{3534B02E-FAF5-400B-AC16-D0B38AA80237}.Release|x64.Build.0 = Release|Any CPU
		{3534B02E-FAF5-400B-AC16-D0B38AA80237}.Release|x86.ActiveCfg = Release|Any CPU
		{3534B02E-FAF5-400B-AC16-D0B38AA80237}.Release|x86.Build.0 = Release|Any CPU
		{24FE7FBB-6F8E-4753-8A43-1C7358176A06}.Debug|Any CPU.ActiveCfg = Debug|Any CPU
		{24FE7FBB-6F8E-4753-8A43-1C7358176A06}.Debug|Any CPU.Build.0 = Debug|Any CPU
		{24FE7FBB-6F8E-4753-8A43-1C7358176A06}.Debug|x64.ActiveCfg = Debug|Any CPU
		{24FE7FBB-6F8E-4753-8A43-1C7358176A06}.Debug|x64.Build.0 = Debug|Any CPU
		{24FE7FBB-6F8E-4753-8A43-1C7358176A06}.Debug|x86.ActiveCfg = Debug|Any CPU
		{24FE7FBB-6F8E-4753-8A43-1C7358176A06}.Debug|x86.Build.0 = Debug|Any CPU
		{24FE7FBB-6F8E-4753-8A43-1C7358176A06}.Release|Any CPU.ActiveCfg = Release|Any CPU
		{24FE7FBB-6F8E-4753-8A43-1C7358176A06}.Release|Any CPU.Build.0 = Release|Any CPU
		{24FE7FBB-6F8E-4753-8A43-1C7358176A06}.Release|x64.ActiveCfg = Release|Any CPU
		{24FE7FBB-6F8E-4753-8A43-1C7358176A06}.Release|x64.Build.0 = Release|Any CPU
		{24FE7FBB-6F8E-4753-8A43-1C7358176A06}.Release|x86.ActiveCfg = Release|Any CPU
		{24FE7FBB-6F8E-4753-8A43-1C7358176A06}.Release|x86.Build.0 = Release|Any CPU
		{A50F66E8-72B0-44D8-BB47-FBC60C8091FF}.Debug|Any CPU.ActiveCfg = Debug|Any CPU
		{A50F66E8-72B0-44D8-BB47-FBC60C8091FF}.Debug|Any CPU.Build.0 = Debug|Any CPU
		{A50F66E8-72B0-44D8-BB47-FBC60C8091FF}.Debug|x64.ActiveCfg = Debug|Any CPU
		{A50F66E8-72B0-44D8-BB47-FBC60C8091FF}.Debug|x64.Build.0 = Debug|Any CPU
		{A50F66E8-72B0-44D8-BB47-FBC60C8091FF}.Debug|x86.ActiveCfg = Debug|Any CPU
		{A50F66E8-72B0-44D8-BB47-FBC60C8091FF}.Debug|x86.Build.0 = Debug|Any CPU
		{A50F66E8-72B0-44D8-BB47-FBC60C8091FF}.Release|Any CPU.ActiveCfg = Release|Any CPU
		{A50F66E8-72B0-44D8-BB47-FBC60C8091FF}.Release|Any CPU.Build.0 = Release|Any CPU
		{A50F66E8-72B0-44D8-BB47-FBC60C8091FF}.Release|x64.ActiveCfg = Release|Any CPU
		{A50F66E8-72B0-44D8-BB47-FBC60C8091FF}.Release|x64.Build.0 = Release|Any CPU
		{A50F66E8-72B0-44D8-BB47-FBC60C8091FF}.Release|x86.ActiveCfg = Release|Any CPU
		{A50F66E8-72B0-44D8-BB47-FBC60C8091FF}.Release|x86.Build.0 = Release|Any CPU
		{6D6A0CD5-35A7-4371-9BAE-58F7A4ACF9C6}.Debug|Any CPU.ActiveCfg = Debug|Any CPU
		{6D6A0CD5-35A7-4371-9BAE-58F7A4ACF9C6}.Debug|Any CPU.Build.0 = Debug|Any CPU
		{6D6A0CD5-35A7-4371-9BAE-58F7A4ACF9C6}.Debug|x64.ActiveCfg = Debug|Any CPU
		{6D6A0CD5-35A7-4371-9BAE-58F7A4ACF9C6}.Debug|x64.Build.0 = Debug|Any CPU
		{6D6A0CD5-35A7-4371-9BAE-58F7A4ACF9C6}.Debug|x86.ActiveCfg = Debug|Any CPU
		{6D6A0CD5-35A7-4371-9BAE-58F7A4ACF9C6}.Debug|x86.Build.0 = Debug|Any CPU
		{6D6A0CD5-35A7-4371-9BAE-58F7A4ACF9C6}.Release|Any CPU.ActiveCfg = Release|Any CPU
		{6D6A0CD5-35A7-4371-9BAE-58F7A4ACF9C6}.Release|Any CPU.Build.0 = Release|Any CPU
		{6D6A0CD5-35A7-4371-9BAE-58F7A4ACF9C6}.Release|x64.ActiveCfg = Release|Any CPU
		{6D6A0CD5-35A7-4371-9BAE-58F7A4ACF9C6}.Release|x64.Build.0 = Release|Any CPU
		{6D6A0CD5-35A7-4371-9BAE-58F7A4ACF9C6}.Release|x86.ActiveCfg = Release|Any CPU
		{6D6A0CD5-35A7-4371-9BAE-58F7A4ACF9C6}.Release|x86.Build.0 = Release|Any CPU
		{5D2BFE72-B2A3-4361-9E23-3C623772912E}.Debug|Any CPU.ActiveCfg = Debug|Any CPU
		{5D2BFE72-B2A3-4361-9E23-3C623772912E}.Debug|Any CPU.Build.0 = Debug|Any CPU
		{5D2BFE72-B2A3-4361-9E23-3C623772912E}.Debug|x64.ActiveCfg = Debug|Any CPU
		{5D2BFE72-B2A3-4361-9E23-3C623772912E}.Debug|x64.Build.0 = Debug|Any CPU
		{5D2BFE72-B2A3-4361-9E23-3C623772912E}.Debug|x86.ActiveCfg = Debug|Any CPU
		{5D2BFE72-B2A3-4361-9E23-3C623772912E}.Debug|x86.Build.0 = Debug|Any CPU
		{5D2BFE72-B2A3-4361-9E23-3C623772912E}.Release|Any CPU.ActiveCfg = Release|Any CPU
		{5D2BFE72-B2A3-4361-9E23-3C623772912E}.Release|Any CPU.Build.0 = Release|Any CPU
		{5D2BFE72-B2A3-4361-9E23-3C623772912E}.Release|x64.ActiveCfg = Release|Any CPU
		{5D2BFE72-B2A3-4361-9E23-3C623772912E}.Release|x64.Build.0 = Release|Any CPU
		{5D2BFE72-B2A3-4361-9E23-3C623772912E}.Release|x86.ActiveCfg = Release|Any CPU
		{5D2BFE72-B2A3-4361-9E23-3C623772912E}.Release|x86.Build.0 = Release|Any CPU
		{C3B803AF-E7A5-4119-92E4-9587BEDAB596}.Debug|Any CPU.ActiveCfg = Debug|Any CPU
		{C3B803AF-E7A5-4119-92E4-9587BEDAB596}.Debug|Any CPU.Build.0 = Debug|Any CPU
		{C3B803AF-E7A5-4119-92E4-9587BEDAB596}.Debug|x64.ActiveCfg = Debug|Any CPU
		{C3B803AF-E7A5-4119-92E4-9587BEDAB596}.Debug|x64.Build.0 = Debug|Any CPU
		{C3B803AF-E7A5-4119-92E4-9587BEDAB596}.Debug|x86.ActiveCfg = Debug|Any CPU
		{C3B803AF-E7A5-4119-92E4-9587BEDAB596}.Debug|x86.Build.0 = Debug|Any CPU
		{C3B803AF-E7A5-4119-92E4-9587BEDAB596}.Release|Any CPU.ActiveCfg = Release|Any CPU
		{C3B803AF-E7A5-4119-92E4-9587BEDAB596}.Release|Any CPU.Build.0 = Release|Any CPU
		{C3B803AF-E7A5-4119-92E4-9587BEDAB596}.Release|x64.ActiveCfg = Release|Any CPU
		{C3B803AF-E7A5-4119-92E4-9587BEDAB596}.Release|x64.Build.0 = Release|Any CPU
		{C3B803AF-E7A5-4119-92E4-9587BEDAB596}.Release|x86.ActiveCfg = Release|Any CPU
		{C3B803AF-E7A5-4119-92E4-9587BEDAB596}.Release|x86.Build.0 = Release|Any CPU
		{70885721-4707-4224-A0CC-269838A9A031}.Debug|Any CPU.ActiveCfg = Debug|Any CPU
		{70885721-4707-4224-A0CC-269838A9A031}.Debug|Any CPU.Build.0 = Debug|Any CPU
		{70885721-4707-4224-A0CC-269838A9A031}.Debug|x64.ActiveCfg = Debug|Any CPU
		{70885721-4707-4224-A0CC-269838A9A031}.Debug|x64.Build.0 = Debug|Any CPU
		{70885721-4707-4224-A0CC-269838A9A031}.Debug|x86.ActiveCfg = Debug|Any CPU
		{70885721-4707-4224-A0CC-269838A9A031}.Debug|x86.Build.0 = Debug|Any CPU
		{70885721-4707-4224-A0CC-269838A9A031}.Release|Any CPU.ActiveCfg = Release|Any CPU
		{70885721-4707-4224-A0CC-269838A9A031}.Release|Any CPU.Build.0 = Release|Any CPU
		{70885721-4707-4224-A0CC-269838A9A031}.Release|x64.ActiveCfg = Release|Any CPU
		{70885721-4707-4224-A0CC-269838A9A031}.Release|x64.Build.0 = Release|Any CPU
		{70885721-4707-4224-A0CC-269838A9A031}.Release|x86.ActiveCfg = Release|Any CPU
		{70885721-4707-4224-A0CC-269838A9A031}.Release|x86.Build.0 = Release|Any CPU
		{9458CC4B-CC64-4D64-9D7D-9F0BFB072560}.Debug|Any CPU.ActiveCfg = Debug|Any CPU
		{9458CC4B-CC64-4D64-9D7D-9F0BFB072560}.Debug|Any CPU.Build.0 = Debug|Any CPU
		{9458CC4B-CC64-4D64-9D7D-9F0BFB072560}.Debug|x64.ActiveCfg = Debug|Any CPU
		{9458CC4B-CC64-4D64-9D7D-9F0BFB072560}.Debug|x64.Build.0 = Debug|Any CPU
		{9458CC4B-CC64-4D64-9D7D-9F0BFB072560}.Debug|x86.ActiveCfg = Debug|Any CPU
		{9458CC4B-CC64-4D64-9D7D-9F0BFB072560}.Debug|x86.Build.0 = Debug|Any CPU
		{9458CC4B-CC64-4D64-9D7D-9F0BFB072560}.Release|Any CPU.ActiveCfg = Release|Any CPU
		{9458CC4B-CC64-4D64-9D7D-9F0BFB072560}.Release|Any CPU.Build.0 = Release|Any CPU
		{9458CC4B-CC64-4D64-9D7D-9F0BFB072560}.Release|x64.ActiveCfg = Release|Any CPU
		{9458CC4B-CC64-4D64-9D7D-9F0BFB072560}.Release|x64.Build.0 = Release|Any CPU
		{9458CC4B-CC64-4D64-9D7D-9F0BFB072560}.Release|x86.ActiveCfg = Release|Any CPU
		{9458CC4B-CC64-4D64-9D7D-9F0BFB072560}.Release|x86.Build.0 = Release|Any CPU
		{CAAA9819-9917-4FAF-95E6-448E50DF6BF0}.Debug|Any CPU.ActiveCfg = Debug|Any CPU
		{CAAA9819-9917-4FAF-95E6-448E50DF6BF0}.Debug|Any CPU.Build.0 = Debug|Any CPU
		{CAAA9819-9917-4FAF-95E6-448E50DF6BF0}.Debug|x64.ActiveCfg = Debug|Any CPU
		{CAAA9819-9917-4FAF-95E6-448E50DF6BF0}.Debug|x64.Build.0 = Debug|Any CPU
		{CAAA9819-9917-4FAF-95E6-448E50DF6BF0}.Debug|x86.ActiveCfg = Debug|Any CPU
		{CAAA9819-9917-4FAF-95E6-448E50DF6BF0}.Debug|x86.Build.0 = Debug|Any CPU
		{CAAA9819-9917-4FAF-95E6-448E50DF6BF0}.Release|Any CPU.ActiveCfg = Release|Any CPU
		{CAAA9819-9917-4FAF-95E6-448E50DF6BF0}.Release|Any CPU.Build.0 = Release|Any CPU
		{CAAA9819-9917-4FAF-95E6-448E50DF6BF0}.Release|x64.ActiveCfg = Release|Any CPU
		{CAAA9819-9917-4FAF-95E6-448E50DF6BF0}.Release|x64.Build.0 = Release|Any CPU
		{CAAA9819-9917-4FAF-95E6-448E50DF6BF0}.Release|x86.ActiveCfg = Release|Any CPU
		{CAAA9819-9917-4FAF-95E6-448E50DF6BF0}.Release|x86.Build.0 = Release|Any CPU
		{3D481727-5C83-4290-AE0C-0BD2D8A98402}.Debug|Any CPU.ActiveCfg = Debug|Any CPU
		{3D481727-5C83-4290-AE0C-0BD2D8A98402}.Debug|Any CPU.Build.0 = Debug|Any CPU
		{3D481727-5C83-4290-AE0C-0BD2D8A98402}.Debug|x64.ActiveCfg = Debug|Any CPU
		{3D481727-5C83-4290-AE0C-0BD2D8A98402}.Debug|x64.Build.0 = Debug|Any CPU
		{3D481727-5C83-4290-AE0C-0BD2D8A98402}.Debug|x86.ActiveCfg = Debug|Any CPU
		{3D481727-5C83-4290-AE0C-0BD2D8A98402}.Debug|x86.Build.0 = Debug|Any CPU
		{3D481727-5C83-4290-AE0C-0BD2D8A98402}.Release|Any CPU.ActiveCfg = Release|Any CPU
		{3D481727-5C83-4290-AE0C-0BD2D8A98402}.Release|Any CPU.Build.0 = Release|Any CPU
		{3D481727-5C83-4290-AE0C-0BD2D8A98402}.Release|x64.ActiveCfg = Release|Any CPU
		{3D481727-5C83-4290-AE0C-0BD2D8A98402}.Release|x64.Build.0 = Release|Any CPU
		{3D481727-5C83-4290-AE0C-0BD2D8A98402}.Release|x86.ActiveCfg = Release|Any CPU
		{3D481727-5C83-4290-AE0C-0BD2D8A98402}.Release|x86.Build.0 = Release|Any CPU
		{8EC9FC2A-2A62-4EE7-92F2-278230FD7A0F}.Debug|Any CPU.ActiveCfg = Debug|Any CPU
		{8EC9FC2A-2A62-4EE7-92F2-278230FD7A0F}.Debug|Any CPU.Build.0 = Debug|Any CPU
		{8EC9FC2A-2A62-4EE7-92F2-278230FD7A0F}.Debug|x64.ActiveCfg = Debug|Any CPU
		{8EC9FC2A-2A62-4EE7-92F2-278230FD7A0F}.Debug|x64.Build.0 = Debug|Any CPU
		{8EC9FC2A-2A62-4EE7-92F2-278230FD7A0F}.Debug|x86.ActiveCfg = Debug|Any CPU
		{8EC9FC2A-2A62-4EE7-92F2-278230FD7A0F}.Debug|x86.Build.0 = Debug|Any CPU
		{8EC9FC2A-2A62-4EE7-92F2-278230FD7A0F}.Release|Any CPU.ActiveCfg = Release|Any CPU
		{8EC9FC2A-2A62-4EE7-92F2-278230FD7A0F}.Release|Any CPU.Build.0 = Release|Any CPU
		{8EC9FC2A-2A62-4EE7-92F2-278230FD7A0F}.Release|x64.ActiveCfg = Release|Any CPU
		{8EC9FC2A-2A62-4EE7-92F2-278230FD7A0F}.Release|x64.Build.0 = Release|Any CPU
		{8EC9FC2A-2A62-4EE7-92F2-278230FD7A0F}.Release|x86.ActiveCfg = Release|Any CPU
		{8EC9FC2A-2A62-4EE7-92F2-278230FD7A0F}.Release|x86.Build.0 = Release|Any CPU
		{EE1E5458-724C-4190-AC7E-16F5F43170BA}.Debug|Any CPU.ActiveCfg = Debug|Any CPU
		{EE1E5458-724C-4190-AC7E-16F5F43170BA}.Debug|Any CPU.Build.0 = Debug|Any CPU
		{EE1E5458-724C-4190-AC7E-16F5F43170BA}.Debug|x64.ActiveCfg = Debug|Any CPU
		{EE1E5458-724C-4190-AC7E-16F5F43170BA}.Debug|x64.Build.0 = Debug|Any CPU
		{EE1E5458-724C-4190-AC7E-16F5F43170BA}.Debug|x86.ActiveCfg = Debug|Any CPU
		{EE1E5458-724C-4190-AC7E-16F5F43170BA}.Debug|x86.Build.0 = Debug|Any CPU
		{EE1E5458-724C-4190-AC7E-16F5F43170BA}.Release|Any CPU.ActiveCfg = Release|Any CPU
		{EE1E5458-724C-4190-AC7E-16F5F43170BA}.Release|Any CPU.Build.0 = Release|Any CPU
		{EE1E5458-724C-4190-AC7E-16F5F43170BA}.Release|x64.ActiveCfg = Release|Any CPU
		{EE1E5458-724C-4190-AC7E-16F5F43170BA}.Release|x64.Build.0 = Release|Any CPU
		{EE1E5458-724C-4190-AC7E-16F5F43170BA}.Release|x86.ActiveCfg = Release|Any CPU
		{EE1E5458-724C-4190-AC7E-16F5F43170BA}.Release|x86.Build.0 = Release|Any CPU
	EndGlobalSection
	GlobalSection(SolutionProperties) = preSolution
		HideSolutionNode = FALSE
	EndGlobalSection
	GlobalSection(NestedProjects) = preSolution
		{24FE7FBB-6F8E-4753-8A43-1C7358176A06} = {0AB3BF05-4346-4AA6-1389-037BE0695223}
		{6D6A0CD5-35A7-4371-9BAE-58F7A4ACF9C6} = {0AB3BF05-4346-4AA6-1389-037BE0695223}
		{5D2BFE72-B2A3-4361-9E23-3C623772912E} = {66320409-64EC-F7C5-3DEF-65E7510DAAD1}
		{C3B803AF-E7A5-4119-92E4-9587BEDAB596} = {66320409-64EC-F7C5-3DEF-65E7510DAAD1}
		{70885721-4707-4224-A0CC-269838A9A031} = {66320409-64EC-F7C5-3DEF-65E7510DAAD1}
		{9458CC4B-CC64-4D64-9D7D-9F0BFB072560} = {66320409-64EC-F7C5-3DEF-65E7510DAAD1}
		{CAAA9819-9917-4FAF-95E6-448E50DF6BF0} = {66320409-64EC-F7C5-3DEF-65E7510DAAD1}
		{3D481727-5C83-4290-AE0C-0BD2D8A98402} = {66320409-64EC-F7C5-3DEF-65E7510DAAD1}
		{8EC9FC2A-2A62-4EE7-92F2-278230FD7A0F} = {66320409-64EC-F7C5-3DEF-65E7510DAAD1}
		{EE1E5458-724C-4190-AC7E-16F5F43170BA} = {66320409-64EC-F7C5-3DEF-65E7510DAAD1}
	EndGlobalSection
	GlobalSection(ExtensibilityGlobals) = postSolution
		SolutionGuid = {8AC332CC-4CC3-4F44-B14C-2875DDA9279D}
	EndGlobalSection
EndGlobal
